// !$*UTF8*$!
{
	archiveVersion = 1;
	classes = {
	};
	objectVersion = 46;
	objects = {

/* Begin PBXBuildFile section */
		538562B7240F8D6C0085504C /* UIColor+XYColor.m in Sources */ = {isa = PBXBuildFile; fileRef = 5385628D240F8D6C0085504C /* UIColor+XYColor.m */; };
		538562B8240F8D6C0085504C /* XYZItemStore.m in Sources */ = {isa = PBXBuildFile; fileRef = 5385628F240F8D6C0085504C /* XYZItemStore.m */; };
		538562B9240F8D6C0085504C /* XYZImageStore.m in Sources */ = {isa = PBXBuildFile; fileRef = 53856290240F8D6C0085504C /* XYZImageStore.m */; };
		538562BA240F8D6C0085504C /* XYZItem.m in Sources */ = {isa = PBXBuildFile; fileRef = 53856295240F8D6C0085504C /* XYZItem.m */; };
		538562BB240F8D6C0085504C /* XYZPasswordStore.m in Sources */ = {isa = PBXBuildFile; fileRef = 53856296240F8D6C0085504C /* XYZPasswordStore.m */; };
		538562BC240F8D6C0085504C /* XYZDiaryPasswordViewController.m in Sources */ = {isa = PBXBuildFile; fileRef = 53856299240F8D6C0085504C /* XYZDiaryPasswordViewController.m */; };
		538562BD240F8D6C0085504C /* XYZPopVC.m in Sources */ = {isa = PBXBuildFile; fileRef = 5385629A240F8D6C0085504C /* XYZPopVC.m */; };
		538562BE240F8D6C0085504C /* XYZTvc.m in Sources */ = {isa = PBXBuildFile; fileRef = 5385629C240F8D6C0085504C /* XYZTvc.m */; };
		538562BF240F8D6C0085504C /* XYZDetailViewController.m in Sources */ = {isa = PBXBuildFile; fileRef = 538562A2240F8D6C0085504C /* XYZDetailViewController.m */; };
		538562C0240F8D6C0085504C /* XYZDetail2ViewController.m in Sources */ = {isa = PBXBuildFile; fileRef = 538562A3240F8D6C0085504C /* XYZDetail2ViewController.m */; };
		538562C1240F8D6C0085504C /* XYZCalendarViewController.m in Sources */ = {isa = PBXBuildFile; fileRef = 538562A5240F8D6C0085504C /* XYZCalendarViewController.m */; };
		538562C2240F8D6C0085504C /* XYZItemsViewController.m in Sources */ = {isa = PBXBuildFile; fileRef = 538562A6240F8D6C0085504C /* XYZItemsViewController.m */; };
		538562C3240F8D6C0085504C /* XYZPasswordReVC.m in Sources */ = {isa = PBXBuildFile; fileRef = 538562A7240F8D6C0085504C /* XYZPasswordReVC.m */; };
		538562C4240F8D6C0085504C /* XYZTableViewController.m in Sources */ = {isa = PBXBuildFile; fileRef = 538562A8240F8D6C0085504C /* XYZTableViewController.m */; };
		538562C5240F8D6C0085504C /* XYZDiaryPassword.m in Sources */ = {isa = PBXBuildFile; fileRef = 538562AB240F8D6C0085504C /* XYZDiaryPassword.m */; };
		538562C6240F8D6C0085504C /* XYZCalendarPicker.m in Sources */ = {isa = PBXBuildFile; fileRef = 538562AC240F8D6C0085504C /* XYZCalendarPicker.m */; };
		538562C7240F8D6C0085504C /* XYZCalendarCell.m in Sources */ = {isa = PBXBuildFile; fileRef = 538562AD240F8D6C0085504C /* XYZCalendarCell.m */; };
		538562C8240F8D6C0085504C /* XYZItemCell.m in Sources */ = {isa = PBXBuildFile; fileRef = 538562AE240F8D6C0085504C /* XYZItemCell.m */; };
		538562C9240F8D6C0085504C /* XYZDetail2ViewController.xib in Resources */ = {isa = PBXBuildFile; fileRef = 538562AF240F8D6C0085504C /* XYZDetail2ViewController.xib */; };
		538562CA240F8D6C0085504C /* XYZCalendarPicker.xib in Resources */ = {isa = PBXBuildFile; fileRef = 538562B3240F8D6C0085504C /* XYZCalendarPicker.xib */; };
		538562CB240F8D6C0085504C /* XYZItemCell.xib in Resources */ = {isa = PBXBuildFile; fileRef = 538562B4240F8D6C0085504C /* XYZItemCell.xib */; };
		538562CC240F8D6C0085504C /* XYZDetailViewController.xib in Resources */ = {isa = PBXBuildFile; fileRef = 538562B6240F8D6C0085504C /* XYZDetailViewController.xib */; };
		538562D4240F8D910085504C /* MBProgressHUD.m in Sources */ = {isa = PBXBuildFile; fileRef = 538562D2240F8D910085504C /* MBProgressHUD.m */; };
		538562D7240F8DC20085504C /* AppDelegate.m in Sources */ = {isa = PBXBuildFile; fileRef = 538562D6240F8DC20085504C /* AppDelegate.m */; };
		965BAB701CD7624000908F11 /* main.m in Sources */ = {isa = PBXBuildFile; fileRef = 965BAB6F1CD7624000908F11 /* main.m */; };
		965BAB7B1CD7624000908F11 /* Assets.xcassets in Resources */ = {isa = PBXBuildFile; fileRef = 965BAB7A1CD7624000908F11 /* Assets.xcassets */; };
/* End PBXBuildFile section */

/* Begin PBXFileReference section */
		5385628C240F8D6C0085504C /* UIColor+XYColor.h */ = {isa = PBXFileReference; fileEncoding = 4; lastKnownFileType = sourcecode.c.h; path = "UIColor+XYColor.h"; sourceTree = "<group>"; };
		5385628D240F8D6C0085504C /* UIColor+XYColor.m */ = {isa = PBXFileReference; fileEncoding = 4; lastKnownFileType = sourcecode.c.objc; path = "UIColor+XYColor.m"; sourceTree = "<group>"; };
		5385628F240F8D6C0085504C /* XYZItemStore.m */ = {isa = PBXFileReference; fileEncoding = 4; lastKnownFileType = sourcecode.c.objc; path = XYZItemStore.m; sourceTree = "<group>"; };
		53856290240F8D6C0085504C /* XYZImageStore.m */ = {isa = PBXFileReference; fileEncoding = 4; lastKnownFileType = sourcecode.c.objc; path = XYZImageStore.m; sourceTree = "<group>"; };
		53856291240F8D6C0085504C /* XYZPasswordStore.h */ = {isa = PBXFileReference; fileEncoding = 4; lastKnownFileType = sourcecode.c.h; path = XYZPasswordStore.h; sourceTree = "<group>"; };
		53856292240F8D6C0085504C /* XYZItem.h */ = {isa = PBXFileReference; fileEncoding = 4; lastKnownFileType = sourcecode.c.h; path = XYZItem.h; sourceTree = "<group>"; };
		53856293240F8D6C0085504C /* XYZImageStore.h */ = {isa = PBXFileReference; fileEncoding = 4; lastKnownFileType = sourcecode.c.h; path = XYZImageStore.h; sourceTree = "<group>"; };
		53856294240F8D6C0085504C /* XYZItemStore.h */ = {isa = PBXFileReference; fileEncoding = 4; lastKnownFileType = sourcecode.c.h; path = XYZItemStore.h; sourceTree = "<group>"; };
		53856295240F8D6C0085504C /* XYZItem.m */ = {isa = PBXFileReference; fileEncoding = 4; lastKnownFileType = sourcecode.c.objc; path = XYZItem.m; sourceTree = "<group>"; };
		53856296240F8D6C0085504C /* XYZPasswordStore.m */ = {isa = PBXFileReference; fileEncoding = 4; lastKnownFileType = sourcecode.c.objc; path = XYZPasswordStore.m; sourceTree = "<group>"; };
		53856298240F8D6C0085504C /* XYZDetailViewController.h */ = {isa = PBXFileReference; fileEncoding = 4; lastKnownFileType = sourcecode.c.h; path = XYZDetailViewController.h; sourceTree = "<group>"; };
		53856299240F8D6C0085504C /* XYZDiaryPasswordViewController.m */ = {isa = PBXFileReference; fileEncoding = 4; lastKnownFileType = sourcecode.c.objc; path = XYZDiaryPasswordViewController.m; sourceTree = "<group>"; };
		5385629A240F8D6C0085504C /* XYZPopVC.m */ = {isa = PBXFileReference; fileEncoding = 4; lastKnownFileType = sourcecode.c.objc; path = XYZPopVC.m; sourceTree = "<group>"; };
		5385629B240F8D6C0085504C /* XYZDetail2ViewController.h */ = {isa = PBXFileReference; fileEncoding = 4; lastKnownFileType = sourcecode.c.h; path = XYZDetail2ViewController.h; sourceTree = "<group>"; };
		5385629C240F8D6C0085504C /* XYZTvc.m */ = {isa = PBXFileReference; fileEncoding = 4; lastKnownFileType = sourcecode.c.objc; path = XYZTvc.m; sourceTree = "<group>"; };
		5385629D240F8D6C0085504C /* XYZTableViewController.h */ = {isa = PBXFileReference; fileEncoding = 4; lastKnownFileType = sourcecode.c.h; path = XYZTableViewController.h; sourceTree = "<group>"; };
		5385629E240F8D6C0085504C /* XYZPasswordReVC.h */ = {isa = PBXFileReference; fileEncoding = 4; lastKnownFileType = sourcecode.c.h; path = XYZPasswordReVC.h; sourceTree = "<group>"; };
		5385629F240F8D6C0085504C /* XYZItemsViewController.h */ = {isa = PBXFileReference; fileEncoding = 4; lastKnownFileType = sourcecode.c.h; path = XYZItemsViewController.h; sourceTree = "<group>"; };
		538562A0240F8D6C0085504C /* XYZCalendarViewController.h */ = {isa = PBXFileReference; fileEncoding = 4; lastKnownFileType = sourcecode.c.h; path = XYZCalendarViewController.h; sourceTree = "<group>"; };
		538562A1240F8D6C0085504C /* XYZDiaryPasswordViewController.h */ = {isa = PBXFileReference; fileEncoding = 4; lastKnownFileType = sourcecode.c.h; path = XYZDiaryPasswordViewController.h; sourceTree = "<group>"; };
		538562A2240F8D6C0085504C /* XYZDetailViewController.m */ = {isa = PBXFileReference; fileEncoding = 4; lastKnownFileType = sourcecode.c.objc; path = XYZDetailViewController.m; sourceTree = "<group>"; };
		538562A3240F8D6C0085504C /* XYZDetail2ViewController.m */ = {isa = PBXFileReference; fileEncoding = 4; lastKnownFileType = sourcecode.c.objc; path = XYZDetail2ViewController.m; sourceTree = "<group>"; };
		538562A4240F8D6C0085504C /* XYZPopVC.h */ = {isa = PBXFileReference; fileEncoding = 4; lastKnownFileType = sourcecode.c.h; path = XYZPopVC.h; sourceTree = "<group>"; };
		538562A5240F8D6C0085504C /* XYZCalendarViewController.m */ = {isa = PBXFileReference; fileEncoding = 4; lastKnownFileType = sourcecode.c.objc; path = XYZCalendarViewController.m; sourceTree = "<group>"; };
		538562A6240F8D6C0085504C /* XYZItemsViewController.m */ = {isa = PBXFileReference; fileEncoding = 4; lastKnownFileType = sourcecode.c.objc; path = XYZItemsViewController.m; sourceTree = "<group>"; };
		538562A7240F8D6C0085504C /* XYZPasswordReVC.m */ = {isa = PBXFileReference; fileEncoding = 4; lastKnownFileType = sourcecode.c.objc; path = XYZPasswordReVC.m; sourceTree = "<group>"; };
		538562A8240F8D6C0085504C /* XYZTableViewController.m */ = {isa = PBXFileReference; fileEncoding = 4; lastKnownFileType = sourcecode.c.objc; path = XYZTableViewController.m; sourceTree = "<group>"; };
		538562A9240F8D6C0085504C /* XYZTvc.h */ = {isa = PBXFileReference; fileEncoding = 4; lastKnownFileType = sourcecode.c.h; path = XYZTvc.h; sourceTree = "<group>"; };
		538562AB240F8D6C0085504C /* XYZDiaryPassword.m */ = {isa = PBXFileReference; fileEncoding = 4; lastKnownFileType = sourcecode.c.objc; path = XYZDiaryPassword.m; sourceTree = "<group>"; };
		538562AC240F8D6C0085504C /* XYZCalendarPicker.m */ = {isa = PBXFileReference; fileEncoding = 4; lastKnownFileType = sourcecode.c.objc; path = XYZCalendarPicker.m; sourceTree = "<group>"; };
		538562AD240F8D6C0085504C /* XYZCalendarCell.m */ = {isa = PBXFileReference; fileEncoding = 4; lastKnownFileType = sourcecode.c.objc; path = XYZCalendarCell.m; sourceTree = "<group>"; };
		538562AE240F8D6C0085504C /* XYZItemCell.m */ = {isa = PBXFileReference; fileEncoding = 4; lastKnownFileType = sourcecode.c.objc; path = XYZItemCell.m; sourceTree = "<group>"; };
		538562AF240F8D6C0085504C /* XYZDetail2ViewController.xib */ = {isa = PBXFileReference; fileEncoding = 4; lastKnownFileType = file.xib; path = XYZDetail2ViewController.xib; sourceTree = "<group>"; };
		538562B0240F8D6C0085504C /* XYZCalendarCell.h */ = {isa = PBXFileReference; fileEncoding = 4; lastKnownFileType = sourcecode.c.h; path = XYZCalendarCell.h; sourceTree = "<group>"; };
		538562B1240F8D6C0085504C /* XYZCalendarPicker.h */ = {isa = PBXFileReference; fileEncoding = 4; lastKnownFileType = sourcecode.c.h; path = XYZCalendarPicker.h; sourceTree = "<group>"; };
		538562B2240F8D6C0085504C /* XYZDiaryPassword.h */ = {isa = PBXFileReference; fileEncoding = 4; lastKnownFileType = sourcecode.c.h; path = XYZDiaryPassword.h; sourceTree = "<group>"; };
		538562B3240F8D6C0085504C /* XYZCalendarPicker.xib */ = {isa = PBXFileReference; fileEncoding = 4; lastKnownFileType = file.xib; path = XYZCalendarPicker.xib; sourceTree = "<group>"; };
		538562B4240F8D6C0085504C /* XYZItemCell.xib */ = {isa = PBXFileReference; fileEncoding = 4; lastKnownFileType = file.xib; path = XYZItemCell.xib; sourceTree = "<group>"; };
		538562B5240F8D6C0085504C /* XYZItemCell.h */ = {isa = PBXFileReference; fileEncoding = 4; lastKnownFileType = sourcecode.c.h; path = XYZItemCell.h; sourceTree = "<group>"; };
		538562B6240F8D6C0085504C /* XYZDetailViewController.xib */ = {isa = PBXFileReference; fileEncoding = 4; lastKnownFileType = file.xib; path = XYZDetailViewController.xib; sourceTree = "<group>"; };
		538562D2240F8D910085504C /* MBProgressHUD.m */ = {isa = PBXFileReference; fileEncoding = 4; lastKnownFileType = sourcecode.c.objc; path = MBProgressHUD.m; sourceTree = "<group>"; };
		538562D3240F8D910085504C /* MBProgressHUD.h */ = {isa = PBXFileReference; fileEncoding = 4; lastKnownFileType = sourcecode.c.h; path = MBProgressHUD.h; sourceTree = "<group>"; };
		538562D5240F8DC20085504C /* AppDelegate.h */ = {isa = PBXFileReference; fileEncoding = 4; lastKnownFileType = sourcecode.c.h; path = AppDelegate.h; sourceTree = "<group>"; };
		538562D6240F8DC20085504C /* AppDelegate.m */ = {isa = PBXFileReference; fileEncoding = 4; lastKnownFileType = sourcecode.c.objc; path = AppDelegate.m; sourceTree = "<group>"; };
		965BAB6B1CD7624000908F11 /* DiaryBox.app */ = {isa = PBXFileReference; explicitFileType = wrapper.application; includeInIndex = 0; path = DiaryBox.app; sourceTree = BUILT_PRODUCTS_DIR; };
		965BAB6F1CD7624000908F11 /* main.m */ = {isa = PBXFileReference; lastKnownFileType = sourcecode.c.objc; path = main.m; sourceTree = "<group>"; };
		965BAB7A1CD7624000908F11 /* Assets.xcassets */ = {isa = PBXFileReference; lastKnownFileType = folder.assetcatalog; path = Assets.xcassets; sourceTree = "<group>"; };
		965BAB7F1CD7624000908F11 /* Info.plist */ = {isa = PBXFileReference; lastKnownFileType = text.plist.xml; path = Info.plist; sourceTree = "<group>"; };
/* End PBXFileReference section */

/* Begin PBXFrameworksBuildPhase section */
		965BAB681CD7624000908F11 /* Frameworks */ = {
			isa = PBXFrameworksBuildPhase;
			buildActionMask = 2147483647;
			files = (
			);
			runOnlyForDeploymentPostprocessing = 0;
		};
/* End PBXFrameworksBuildPhase section */

/* Begin PBXGroup section */
		5385628A240F8D6C0085504C /* Classes */ = {
			isa = PBXGroup;
			children = (
				538562D1240F8D910085504C /* libs */,
				5385628B240F8D6C0085504C /* Category */,
				5385628E240F8D6C0085504C /* Models */,
				53856297240F8D6C0085504C /* Controllers */,
				538562AA240F8D6C0085504C /* Views */,
			);
			path = Classes;
			sourceTree = "<group>";
		};
		5385628B240F8D6C0085504C /* Category */ = {
			isa = PBXGroup;
			children = (
				5385628C240F8D6C0085504C /* UIColor+XYColor.h */,
				5385628D240F8D6C0085504C /* UIColor+XYColor.m */,
			);
			path = Category;
			sourceTree = "<group>";
		};
		5385628E240F8D6C0085504C /* Models */ = {
			isa = PBXGroup;
			children = (
				5385628F240F8D6C0085504C /* XYZItemStore.m */,
				53856290240F8D6C0085504C /* XYZImageStore.m */,
				53856291240F8D6C0085504C /* XYZPasswordStore.h */,
				53856292240F8D6C0085504C /* XYZItem.h */,
				53856293240F8D6C0085504C /* XYZImageStore.h */,
				53856294240F8D6C0085504C /* XYZItemStore.h */,
				53856295240F8D6C0085504C /* XYZItem.m */,
				53856296240F8D6C0085504C /* XYZPasswordStore.m */,
			);
			path = Models;
			sourceTree = "<group>";
		};
		53856297240F8D6C0085504C /* Controllers */ = {
			isa = PBXGroup;
			children = (
				53856298240F8D6C0085504C /* XYZDetailViewController.h */,
				53856299240F8D6C0085504C /* XYZDiaryPasswordViewController.m */,
				5385629A240F8D6C0085504C /* XYZPopVC.m */,
				5385629B240F8D6C0085504C /* XYZDetail2ViewController.h */,
				5385629C240F8D6C0085504C /* XYZTvc.m */,
				5385629D240F8D6C0085504C /* XYZTableViewController.h */,
				5385629E240F8D6C0085504C /* XYZPasswordReVC.h */,
				5385629F240F8D6C0085504C /* XYZItemsViewController.h */,
				538562A0240F8D6C0085504C /* XYZCalendarViewController.h */,
				538562A1240F8D6C0085504C /* XYZDiaryPasswordViewController.h */,
				538562A2240F8D6C0085504C /* XYZDetailViewController.m */,
				538562A3240F8D6C0085504C /* XYZDetail2ViewController.m */,
				538562A4240F8D6C0085504C /* XYZPopVC.h */,
				538562A5240F8D6C0085504C /* XYZCalendarViewController.m */,
				538562A6240F8D6C0085504C /* XYZItemsViewController.m */,
				538562A7240F8D6C0085504C /* XYZPasswordReVC.m */,
				538562A8240F8D6C0085504C /* XYZTableViewController.m */,
				538562A9240F8D6C0085504C /* XYZTvc.h */,
			);
			path = Controllers;
			sourceTree = "<group>";
		};
		538562AA240F8D6C0085504C /* Views */ = {
			isa = PBXGroup;
			children = (
				538562AB240F8D6C0085504C /* XYZDiaryPassword.m */,
				538562AC240F8D6C0085504C /* XYZCalendarPicker.m */,
				538562AD240F8D6C0085504C /* XYZCalendarCell.m */,
				538562AE240F8D6C0085504C /* XYZItemCell.m */,
				538562AF240F8D6C0085504C /* XYZDetail2ViewController.xib */,
				538562B0240F8D6C0085504C /* XYZCalendarCell.h */,
				538562B1240F8D6C0085504C /* XYZCalendarPicker.h */,
				538562B2240F8D6C0085504C /* XYZDiaryPassword.h */,
				538562B3240F8D6C0085504C /* XYZCalendarPicker.xib */,
				538562B4240F8D6C0085504C /* XYZItemCell.xib */,
				538562B5240F8D6C0085504C /* XYZItemCell.h */,
				538562B6240F8D6C0085504C /* XYZDetailViewController.xib */,
			);
			path = Views;
			sourceTree = "<group>";
		};
		538562D1240F8D910085504C /* libs */ = {
			isa = PBXGroup;
			children = (
				538562D2240F8D910085504C /* MBProgressHUD.m */,
				538562D3240F8D910085504C /* MBProgressHUD.h */,
			);
			path = libs;
			sourceTree = "<group>";
		};
		965BAB621CD7624000908F11 = {
			isa = PBXGroup;
			children = (
				5385628A240F8D6C0085504C /* Classes */,
				965BAB6D1CD7624000908F11 /* DiaryBox */,
				965BAB6C1CD7624000908F11 /* Products */,
			);
			sourceTree = "<group>";
		};
		965BAB6C1CD7624000908F11 /* Products */ = {
			isa = PBXGroup;
			children = (
				965BAB6B1CD7624000908F11 /* DiaryBox.app */,
			);
			name = Products;
			sourceTree = "<group>";
		};
		965BAB6D1CD7624000908F11 /* DiaryBox */ = {
			isa = PBXGroup;
			children = (
				538562D5240F8DC20085504C /* AppDelegate.h */,
				538562D6240F8DC20085504C /* AppDelegate.m */,
				965BAB7A1CD7624000908F11 /* Assets.xcassets */,
				965BAB7F1CD7624000908F11 /* Info.plist */,
				965BAB6E1CD7624000908F11 /* Supporting Files */,
			);
			name = DiaryBox;
			path = DairyBox;
			sourceTree = "<group>";
		};
		965BAB6E1CD7624000908F11 /* Supporting Files */ = {
			isa = PBXGroup;
			children = (
				965BAB6F1CD7624000908F11 /* main.m */,
			);
			name = "Supporting Files";
			sourceTree = "<group>";
		};
/* End PBXGroup section */

/* Begin PBXNativeTarget section */
		965BAB6A1CD7624000908F11 /* DiaryBox */ = {
			isa = PBXNativeTarget;
			buildConfigurationList = 965BAB821CD7624000908F11 /* Build configuration list for PBXNativeTarget "DiaryBox" */;
			buildPhases = (
				965BAB671CD7624000908F11 /* Sources */,
				965BAB681CD7624000908F11 /* Frameworks */,
				965BAB691CD7624000908F11 /* Resources */,
			);
			buildRules = (
			);
			dependencies = (
			);
			name = DiaryBox;
			productName = DairyBox;
			productReference = 965BAB6B1CD7624000908F11 /* DiaryBox.app */;
			productType = "com.apple.product-type.application";
		};
/* End PBXNativeTarget section */

/* Begin PBXProject section */
		965BAB631CD7624000908F11 /* Project object */ = {
			isa = PBXProject;
			attributes = {
				CLASSPREFIX = XYZ;
				LastUpgradeCheck = 0800;
				ORGANIZATIONNAME = "～^～^～";
				TargetAttributes = {
					965BAB6A1CD7624000908F11 = {
						CreatedOnToolsVersion = 7.3;
						DevelopmentTeam = X63BHG6JTQ;
					};
				};
			};
			buildConfigurationList = 965BAB661CD7624000908F11 /* Build configuration list for PBXProject "DiaryBox" */;
			compatibilityVersion = "Xcode 3.2";
			developmentRegion = English;
			hasScannedForEncodings = 0;
			knownRegions = (
				English,
				en,
				Base,
			);
			mainGroup = 965BAB621CD7624000908F11;
			productRefGroup = 965BAB6C1CD7624000908F11 /* Products */;
			projectDirPath = "";
			projectRoot = "";
			targets = (
				965BAB6A1CD7624000908F11 /* DiaryBox */,
			);
		};
/* End PBXProject section */

/* Begin PBXResourcesBuildPhase section */
		965BAB691CD7624000908F11 /* Resources */ = {
			isa = PBXResourcesBuildPhase;
			buildActionMask = 2147483647;
			files = (
				538562CA240F8D6C0085504C /* XYZCalendarPicker.xib in Resources */,
				538562C9240F8D6C0085504C /* XYZDetail2ViewController.xib in Resources */,
				538562CC240F8D6C0085504C /* XYZDetailViewController.xib in Resources */,
				538562CB240F8D6C0085504C /* XYZItemCell.xib in Resources */,
				965BAB7B1CD7624000908F11 /* Assets.xcassets in Resources */,
			);
			runOnlyForDeploymentPostprocessing = 0;
		};
/* End PBXResourcesBuildPhase section */

/* Begin PBXSourcesBuildPhase section */
		965BAB671CD7624000908F11 /* Sources */ = {
			isa = PBXSourcesBuildPhase;
			buildActionMask = 2147483647;
			files = (
				538562BE240F8D6C0085504C /* XYZTvc.m in Sources */,
				538562C8240F8D6C0085504C /* XYZItemCell.m in Sources */,
				538562C0240F8D6C0085504C /* XYZDetail2ViewController.m in Sources */,
				538562BD240F8D6C0085504C /* XYZPopVC.m in Sources */,
				538562B8240F8D6C0085504C /* XYZItemStore.m in Sources */,
				538562C6240F8D6C0085504C /* XYZCalendarPicker.m in Sources */,
				538562C5240F8D6C0085504C /* XYZDiaryPassword.m in Sources */,
				538562D4240F8D910085504C /* MBProgressHUD.m in Sources */,
				538562C2240F8D6C0085504C /* XYZItemsViewController.m in Sources */,
				538562B9240F8D6C0085504C /* XYZImageStore.m in Sources */,
				538562BC240F8D6C0085504C /* XYZDiaryPasswordViewController.m in Sources */,
				538562C4240F8D6C0085504C /* XYZTableViewController.m in Sources */,
				538562BF240F8D6C0085504C /* XYZDetailViewController.m in Sources */,
				538562BB240F8D6C0085504C /* XYZPasswordStore.m in Sources */,
				538562BA240F8D6C0085504C /* XYZItem.m in Sources */,
				538562C7240F8D6C0085504C /* XYZCalendarCell.m in Sources */,
				538562C3240F8D6C0085504C /* XYZPasswordReVC.m in Sources */,
				538562B7240F8D6C0085504C /* UIColor+XYColor.m in Sources */,
				538562C1240F8D6C0085504C /* XYZCalendarViewController.m in Sources */,
				965BAB701CD7624000908F11 /* main.m in Sources */,
				538562D7240F8DC20085504C /* AppDelegate.m in Sources */,
			);
			runOnlyForDeploymentPostprocessing = 0;
		};
/* End PBXSourcesBuildPhase section */

/* Begin XCBuildConfiguration section */
		965BAB801CD7624000908F11 /* Debug */ = {
			isa = XCBuildConfiguration;
			buildSettings = {
				ALWAYS_SEARCH_USER_PATHS = NO;
				CLANG_ANALYZER_NONNULL = YES;
				CLANG_CXX_LANGUAGE_STANDARD = "gnu++0x";
				CLANG_CXX_LIBRARY = "libc++";
				CLANG_ENABLE_MODULES = YES;
				CLANG_ENABLE_OBJC_ARC = YES;
				CLANG_WARN_BOOL_CONVERSION = YES;
				CLANG_WARN_CONSTANT_CONVERSION = YES;
				CLANG_WARN_DIRECT_OBJC_ISA_USAGE = YES_ERROR;
				CLANG_WARN_EMPTY_BODY = YES;
				CLANG_WARN_ENUM_CONVERSION = YES;
				CLANG_WARN_INFINITE_RECURSION = YES;
				CLANG_WARN_INT_CONVERSION = YES;
				CLANG_WARN_OBJC_ROOT_CLASS = YES_ERROR;
				CLANG_WARN_SUSPICIOUS_MOVE = YES;
				CLANG_WARN_UNREACHABLE_CODE = YES;
				CLANG_WARN__DUPLICATE_METHOD_MATCH = YES;
				"CODE_SIGN_IDENTITY[sdk=iphoneos*]" = "iPhone Developer";
				COPY_PHASE_STRIP = NO;
				DEBUG_INFORMATION_FORMAT = dwarf;
				ENABLE_STRICT_OBJC_MSGSEND = YES;
				ENABLE_TESTABILITY = YES;
				GCC_C_LANGUAGE_STANDARD = gnu99;
				GCC_DYNAMIC_NO_PIC = NO;
				GCC_NO_COMMON_BLOCKS = YES;
				GCC_OPTIMIZATION_LEVEL = 0;
				GCC_PREPROCESSOR_DEFINITIONS = (
					"DEBUG=1",
					"$(inherited)",
				);
				GCC_WARN_64_TO_32_BIT_CONVERSION = YES;
				GCC_WARN_ABOUT_RETURN_TYPE = YES_ERROR;
				GCC_WARN_UNDECLARED_SELECTOR = YES;
				GCC_WARN_UNINITIALIZED_AUTOS = YES_AGGRESSIVE;
				GCC_WARN_UNUSED_FUNCTION = YES;
				GCC_WARN_UNUSED_VARIABLE = YES;
				IPHONEOS_DEPLOYMENT_TARGET = 9.3;
				MTL_ENABLE_DEBUG_INFO = YES;
				ONLY_ACTIVE_ARCH = YES;
				SDKROOT = iphoneos;
			};
			name = Debug;
		};
		965BAB811CD7624000908F11 /* Release */ = {
			isa = XCBuildConfiguration;
			buildSettings = {
				ALWAYS_SEARCH_USER_PATHS = NO;
				CLANG_ANALYZER_NONNULL = YES;
				CLANG_CXX_LANGUAGE_STANDARD = "gnu++0x";
				CLANG_CXX_LIBRARY = "libc++";
				CLANG_ENABLE_MODULES = YES;
				CLANG_ENABLE_OBJC_ARC = YES;
				CLANG_WARN_BOOL_CONVERSION = YES;
				CLANG_WARN_CONSTANT_CONVERSION = YES;
				CLANG_WARN_DIRECT_OBJC_ISA_USAGE = YES_ERROR;
				CLANG_WARN_EMPTY_BODY = YES;
				CLANG_WARN_ENUM_CONVERSION = YES;
				CLANG_WARN_INFINITE_RECURSION = YES;
				CLANG_WARN_INT_CONVERSION = YES;
				CLANG_WARN_OBJC_ROOT_CLASS = YES_ERROR;
				CLANG_WARN_SUSPICIOUS_MOVE = YES;
				CLANG_WARN_UNREACHABLE_CODE = YES;
				CLANG_WARN__DUPLICATE_METHOD_MATCH = YES;
				"CODE_SIGN_IDENTITY[sdk=iphoneos*]" = "iPhone Developer";
				COPY_PHASE_STRIP = NO;
				DEBUG_INFORMATION_FORMAT = "dwarf-with-dsym";
				ENABLE_NS_ASSERTIONS = NO;
				ENABLE_STRICT_OBJC_MSGSEND = YES;
				GCC_C_LANGUAGE_STANDARD = gnu99;
				GCC_NO_COMMON_BLOCKS = YES;
				GCC_WARN_64_TO_32_BIT_CONVERSION = YES;
				GCC_WARN_ABOUT_RETURN_TYPE = YES_ERROR;
				GCC_WARN_UNDECLARED_SELECTOR = YES;
				GCC_WARN_UNINITIALIZED_AUTOS = YES_AGGRESSIVE;
				GCC_WARN_UNUSED_FUNCTION = YES;
				GCC_WARN_UNUSED_VARIABLE = YES;
				IPHONEOS_DEPLOYMENT_TARGET = 9.3;
				MTL_ENABLE_DEBUG_INFO = NO;
				SDKROOT = iphoneos;
				VALIDATE_PRODUCT = YES;
			};
			name = Release;
		};
		965BAB831CD7624000908F11 /* Debug */ = {
			isa = XCBuildConfiguration;
			buildSettings = {
				ASSETCATALOG_COMPILER_APPICON_NAME = AppIcon;
				CODE_SIGN_IDENTITY = "iPhone Developer";
				DEVELOPMENT_TEAM = X63BHG6JTQ;
				INFOPLIST_FILE = DairyBox/Info.plist;
				IPHONEOS_DEPLOYMENT_TARGET = 9.3;
				LD_RUNPATH_SEARCH_PATHS = "$(inherited) @executable_path/Frameworks";
				PRODUCT_BUNDLE_IDENTIFIER = "winner1..Q-Q";
				PRODUCT_NAME = DiaryBox;
				TARGETED_DEVICE_FAMILY = 1;
			};
			name = Debug;
		};
		965BAB841CD7624000908F11 /* Release */ = {
			isa = XCBuildConfiguration;
			buildSettings = {
				ASSETCATALOG_COMPILER_APPICON_NAME = AppIcon;
				CODE_SIGN_IDENTITY = "iPhone Developer";
				DEVELOPMENT_TEAM = X63BHG6JTQ;
				INFOPLIST_FILE = DairyBox/Info.plist;
				IPHONEOS_DEPLOYMENT_TARGET = 9.3;
				LD_RUNPATH_SEARCH_PATHS = "$(inherited) @executable_path/Frameworks";
				PRODUCT_BUNDLE_IDENTIFIER = "winner1..Q-Q";
				PRODUCT_NAME = DiaryBox;
				TARGETED_DEVICE_FAMILY = 1;
			};
			name = Release;
		};
/* End XCBuildConfiguration section */

/* Begin XCConfigurationList section */
		965BAB661CD7624000908F11 /* Build configuration list for PBXProject "DiaryBox" */ = {
			isa = XCConfigurationList;
			buildConfigurations = (
				965BAB801CD7624000908F11 /* Debug */,
				965BAB811CD7624000908F11 /* Release */,
			);
			defaultConfigurationIsVisible = 0;
			defaultConfigurationName = Release;
		};
		965BAB821CD7624000908F11 /* Build configuration list for PBXNativeTarget "DiaryBox" */ = {
			isa = XCConfigurationList;
			buildConfigurations = (
				965BAB831CD7624000908F11 /* Debug */,
				965BAB841CD7624000908F11 /* Release */,
			);
			defaultConfigurationIsVisible = 0;
			defaultConfigurationName = Release;
		};
/* End XCConfigurationList section */
	};
	rootObject = 965BAB631CD7624000908F11 /* Project object */;
}
